
Microsoft Visual Studio Solution File, Format Version 12.00
# Visual Studio Version 17
VisualStudioVersion = 17.5.33424.131
MinimumVisualStudioVersion = 10.0.40219.1
Project("{FAE04EC0-301F-11D3-BF4B-00C04F79EFBC}") = "MyClassLibrary", "MyClassLibrary\MyClassLibrary.csproj", "{583DD354-EFE8-4473-873C-165B3CA9F645}"
EndProject
Project("{FAE04EC0-301F-11D3-BF4B-00C04F79EFBC}") = "MyClassLibrary.Tests", "MyClassLibrary.Tests\MyClassLibrary.Tests.csproj", "{6E235821-BA41-474C-AF72-7AD93C2D716E}"
EndProject
Global
	GlobalSection(SolutionConfigurationPlatforms) = preSolution
		Debug|Any CPU = Debug|Any CPU
		Release|Any CPU = Release|Any CPU
	EndGlobalSection
	GlobalSection(ProjectConfigurationPlatforms) = postSolution
		{583DD354-EFE8-4473-873C-165B3CA9F645}.Debug|Any CPU.ActiveCfg = Debug|Any CPU
		{583DD354-EFE8-4473-873C-165B3CA9F645}.Debug|Any CPU.Build.0 = Debug|Any CPU
		{583DD354-EFE8-4473-873C-165B3CA9F645}.Release|Any CPU.ActiveCfg = Release|Any CPU
		{583DD354-EFE8-4473-873C-165B3CA9F645}.Release|Any CPU.Build.0 = Release|Any CPU
		{6E235821-BA41-474C-AF72-7AD93C2D716E}.Debug|Any CPU.ActiveCfg = Debug|Any CPU
		{6E235821-BA41-474C-AF72-7AD93C2D716E}.Debug|Any CPU.Build.0 = Debug|Any CPU
		{6E235821-BA41-474C-AF72-7AD93C2D716E}.Release|Any CPU.ActiveCfg = Release|Any CPU
		{6E235821-BA41-474C-AF72-7AD93C2D716E}.Release|Any CPU.Build.0 = Release|Any CPU
	EndGlobalSection
	GlobalSection(SolutionProperties) = preSolution
		HideSolutionNode = FALSE
	EndGlobalSection
	GlobalSection(ExtensibilityGlobals) = postSolution
		SolutionGuid = {3A210C83-9736-4865-812E-B63CCBE09D38}
	EndGlobalSection
EndGlobal
